// !$*UTF8*$!
{
	archiveVersion = 1;
	classes = {
	};
	objectVersion = 46;
	objects = {

/* Begin PBXBuildFile section */
		925D5F411877803800AEA1ED /* Foundation.framework in Frameworks */ = {isa = PBXBuildFile; fileRef = 925D5F401877803800AEA1ED /* Foundation.framework */; };
		925D5F431877803800AEA1ED /* CoreGraphics.framework in Frameworks */ = {isa = PBXBuildFile; fileRef = 925D5F421877803800AEA1ED /* CoreGraphics.framework */; };
		925D5F451877803800AEA1ED /* UIKit.framework in Frameworks */ = {isa = PBXBuildFile; fileRef = 925D5F441877803800AEA1ED /* UIKit.framework */; };
		925D5F471877803800AEA1ED /* CoreData.framework in Frameworks */ = {isa = PBXBuildFile; fileRef = 925D5F461877803800AEA1ED /* CoreData.framework */; };
		925D5F4D1877803800AEA1ED /* InfoPlist.strings in Resources */ = {isa = PBXBuildFile; fileRef = 925D5F4B1877803800AEA1ED /* InfoPlist.strings */; };
		925D5F4F1877803800AEA1ED /* main.m in Sources */ = {isa = PBXBuildFile; fileRef = 925D5F4E1877803800AEA1ED /* main.m */; };
		925D5F531877803800AEA1ED /* CDCCAppDelegate.m in Sources */ = {isa = PBXBuildFile; fileRef = 925D5F521877803800AEA1ED /* CDCCAppDelegate.m */; };
		925D5F561877803800AEA1ED /* Main.storyboard in Resources */ = {isa = PBXBuildFile; fileRef = 925D5F541877803800AEA1ED /* Main.storyboard */; };
		925D5F591877803800AEA1ED /* CoreDataControllerDemo.xcdatamodeld in Sources */ = {isa = PBXBuildFile; fileRef = 925D5F571877803800AEA1ED /* CoreDataControllerDemo.xcdatamodeld */; };
		925D5F5C1877803800AEA1ED /* CDCCMasterViewController.m in Sources */ = {isa = PBXBuildFile; fileRef = 925D5F5B1877803800AEA1ED /* CDCCMasterViewController.m */; };
		925D5F5F1877803800AEA1ED /* CDCCDetailViewController.m in Sources */ = {isa = PBXBuildFile; fileRef = 925D5F5E1877803800AEA1ED /* CDCCDetailViewController.m */; };
		925D5F611877803800AEA1ED /* Images.xcassets in Resources */ = {isa = PBXBuildFile; fileRef = 925D5F601877803800AEA1ED /* Images.xcassets */; };
		925D5F681877803800AEA1ED /* XCTest.framework in Frameworks */ = {isa = PBXBuildFile; fileRef = 925D5F671877803800AEA1ED /* XCTest.framework */; };
		925D5F691877803800AEA1ED /* Foundation.framework in Frameworks */ = {isa = PBXBuildFile; fileRef = 925D5F401877803800AEA1ED /* Foundation.framework */; };
		925D5F6A1877803800AEA1ED /* UIKit.framework in Frameworks */ = {isa = PBXBuildFile; fileRef = 925D5F441877803800AEA1ED /* UIKit.framework */; };
		925D5F6B1877803800AEA1ED /* CoreData.framework in Frameworks */ = {isa = PBXBuildFile; fileRef = 925D5F461877803800AEA1ED /* CoreData.framework */; };
		925D5F731877803800AEA1ED /* InfoPlist.strings in Resources */ = {isa = PBXBuildFile; fileRef = 925D5F711877803800AEA1ED /* InfoPlist.strings */; };
		925D5F751877803800AEA1ED /* CoreDataControllerDemoTests.m in Sources */ = {isa = PBXBuildFile; fileRef = 925D5F741877803800AEA1ED /* CoreDataControllerDemoTests.m */; };
		925D5F85187780A400AEA1ED /* GSBaseTableViewController.m in Sources */ = {isa = PBXBuildFile; fileRef = 925D5F80187780A400AEA1ED /* GSBaseTableViewController.m */; };
		925D5F86187780A400AEA1ED /* GSCoreDataController.m in Sources */ = {isa = PBXBuildFile; fileRef = 925D5F82187780A400AEA1ED /* GSCoreDataController.m */; };
		925D5F87187780A400AEA1ED /* GSFileManager.m in Sources */ = {isa = PBXBuildFile; fileRef = 925D5F84187780A400AEA1ED /* GSFileManager.m */; };
/* End PBXBuildFile section */

/* Begin PBXContainerItemProxy section */
		925D5F6C1877803800AEA1ED /* PBXContainerItemProxy */ = {
			isa = PBXContainerItemProxy;
			containerPortal = 925D5F351877803800AEA1ED /* Project object */;
			proxyType = 1;
			remoteGlobalIDString = 925D5F3C1877803800AEA1ED;
			remoteInfo = CoreDataControllerDemo;
		};
/* End PBXContainerItemProxy section */

/* Begin PBXFileReference section */
		925D5F3D1877803800AEA1ED /* CoreDataControllerDemo.app */ = {isa = PBXFileReference; explicitFileType = wrapper.application; includeInIndex = 0; path = CoreDataControllerDemo.app; sourceTree = BUILT_PRODUCTS_DIR; };
		925D5F401877803800AEA1ED /* Foundation.framework */ = {isa = PBXFileReference; lastKnownFileType = wrapper.framework; name = Foundation.framework; path = System/Library/Frameworks/Foundation.framework; sourceTree = SDKROOT; };
		925D5F421877803800AEA1ED /* CoreGraphics.framework */ = {isa = PBXFileReference; lastKnownFileType = wrapper.framework; name = CoreGraphics.framework; path = System/Library/Frameworks/CoreGraphics.framework; sourceTree = SDKROOT; };
		925D5F441877803800AEA1ED /* UIKit.framework */ = {isa = PBXFileReference; lastKnownFileType = wrapper.framework; name = UIKit.framework; path = System/Library/Frameworks/UIKit.framework; sourceTree = SDKROOT; };
		925D5F461877803800AEA1ED /* CoreData.framework */ = {isa = PBXFileReference; lastKnownFileType = wrapper.framework; name = CoreData.framework; path = System/Library/Frameworks/CoreData.framework; sourceTree = SDKROOT; };
		925D5F4A1877803800AEA1ED /* CoreDataControllerDemo-Info.plist */ = {isa = PBXFileReference; lastKnownFileType = text.plist.xml; path = "CoreDataControllerDemo-Info.plist"; sourceTree = "<group>"; };
		925D5F4C1877803800AEA1ED /* en */ = {isa = PBXFileReference; lastKnownFileType = text.plist.strings; name = en; path = en.lproj/InfoPlist.strings; sourceTree = "<group>"; };
		925D5F4E1877803800AEA1ED /* main.m */ = {isa = PBXFileReference; lastKnownFileType = sourcecode.c.objc; path = main.m; sourceTree = "<group>"; };
		925D5F501877803800AEA1ED /* CoreDataControllerDemo-Prefix.pch */ = {isa = PBXFileReference; lastKnownFileType = sourcecode.c.h; path = "CoreDataControllerDemo-Prefix.pch"; sourceTree = "<group>"; };
		925D5F511877803800AEA1ED /* CDCCAppDelegate.h */ = {isa = PBXFileReference; lastKnownFileType = sourcecode.c.h; path = CDCCAppDelegate.h; sourceTree = "<group>"; };
		925D5F521877803800AEA1ED /* CDCCAppDelegate.m */ = {isa = PBXFileReference; lastKnownFileType = sourcecode.c.objc; path = CDCCAppDelegate.m; sourceTree = "<group>"; };
		925D5F551877803800AEA1ED /* Base */ = {isa = PBXFileReference; lastKnownFileType = file.storyboard; name = Base; path = Base.lproj/Main.storyboard; sourceTree = "<group>"; };
		925D5F581877803800AEA1ED /* CoreDataControllerDemo.xcdatamodel */ = {isa = PBXFileReference; lastKnownFileType = wrapper.xcdatamodel; path = CoreDataControllerDemo.xcdatamodel; sourceTree = "<group>"; };
		925D5F5A1877803800AEA1ED /* CDCCMasterViewController.h */ = {isa = PBXFileReference; lastKnownFileType = sourcecode.c.h; path = CDCCMasterViewController.h; sourceTree = "<group>"; };
		925D5F5B1877803800AEA1ED /* CDCCMasterViewController.m */ = {isa = PBXFileReference; lastKnownFileType = sourcecode.c.objc; path = CDCCMasterViewController.m; sourceTree = "<group>"; };
		925D5F5D1877803800AEA1ED /* CDCCDetailViewController.h */ = {isa = PBXFileReference; lastKnownFileType = sourcecode.c.h; path = CDCCDetailViewController.h; sourceTree = "<group>"; };
		925D5F5E1877803800AEA1ED /* CDCCDetailViewController.m */ = {isa = PBXFileReference; lastKnownFileType = sourcecode.c.objc; path = CDCCDetailViewController.m; sourceTree = "<group>"; };
		925D5F601877803800AEA1ED /* Images.xcassets */ = {isa = PBXFileReference; lastKnownFileType = folder.assetcatalog; path = Images.xcassets; sourceTree = "<group>"; };
		925D5F661877803800AEA1ED /* CoreDataControllerDemoTests.xctest */ = {isa = PBXFileReference; explicitFileType = wrapper.cfbundle; includeInIndex = 0; path = CoreDataControllerDemoTests.xctest; sourceTree = BUILT_PRODUCTS_DIR; };
		925D5F671877803800AEA1ED /* XCTest.framework */ = {isa = PBXFileReference; lastKnownFileType = wrapper.framework; name = XCTest.framework; path = Library/Frameworks/XCTest.framework; sourceTree = DEVELOPER_DIR; };
		925D5F701877803800AEA1ED /* CoreDataControllerDemoTests-Info.plist */ = {isa = PBXFileReference; lastKnownFileType = text.plist.xml; path = "CoreDataControllerDemoTests-Info.plist"; sourceTree = "<group>"; };
		925D5F721877803800AEA1ED /* en */ = {isa = PBXFileReference; lastKnownFileType = text.plist.strings; name = en; path = en.lproj/InfoPlist.strings; sourceTree = "<group>"; };
		925D5F741877803800AEA1ED /* CoreDataControllerDemoTests.m */ = {isa = PBXFileReference; lastKnownFileType = sourcecode.c.objc; path = CoreDataControllerDemoTests.m; sourceTree = "<group>"; };
		925D5F7F187780A400AEA1ED /* GSBaseTableViewController.h */ = {isa = PBXFileReference; fileEncoding = 4; lastKnownFileType = sourcecode.c.h; path = GSBaseTableViewController.h; sourceTree = "<group>"; };
		925D5F80187780A400AEA1ED /* GSBaseTableViewController.m */ = {isa = PBXFileReference; fileEncoding = 4; lastKnownFileType = sourcecode.c.objc; path = GSBaseTableViewController.m; sourceTree = "<group>"; };
		925D5F81187780A400AEA1ED /* GSCoreDataController.h */ = {isa = PBXFileReference; fileEncoding = 4; lastKnownFileType = sourcecode.c.h; path = GSCoreDataController.h; sourceTree = "<group>"; };
		925D5F82187780A400AEA1ED /* GSCoreDataController.m */ = {isa = PBXFileReference; fileEncoding = 4; lastKnownFileType = sourcecode.c.objc; path = GSCoreDataController.m; sourceTree = "<group>"; };
		925D5F83187780A400AEA1ED /* GSFileManager.h */ = {isa = PBXFileReference; fileEncoding = 4; lastKnownFileType = sourcecode.c.h; path = GSFileManager.h; sourceTree = "<group>"; };
		925D5F84187780A400AEA1ED /* GSFileManager.m */ = {isa = PBXFileReference; fileEncoding = 4; lastKnownFileType = sourcecode.c.objc; path = GSFileManager.m; sourceTree = "<group>"; };
/* End PBXFileReference section */

/* Begin PBXFrameworksBuildPhase section */
		925D5F3A1877803800AEA1ED /* Frameworks */ = {
			isa = PBXFrameworksBuildPhase;
			buildActionMask = 2147483647;
			files = (
				925D5F431877803800AEA1ED /* CoreGraphics.framework in Frameworks */,
				925D5F471877803800AEA1ED /* CoreData.framework in Frameworks */,
				925D5F451877803800AEA1ED /* UIKit.framework in Frameworks */,
				925D5F411877803800AEA1ED /* Foundation.framework in Frameworks */,
			);
			runOnlyForDeploymentPostprocessing = 0;
		};
		925D5F631877803800AEA1ED /* Frameworks */ = {
			isa = PBXFrameworksBuildPhase;
			buildActionMask = 2147483647;
			files = (
				925D5F681877803800AEA1ED /* XCTest.framework in Frameworks */,
				925D5F6B1877803800AEA1ED /* CoreData.framework in Frameworks */,
				925D5F6A1877803800AEA1ED /* UIKit.framework in Frameworks */,
				925D5F691877803800AEA1ED /* Foundation.framework in Frameworks */,
			);
			runOnlyForDeploymentPostprocessing = 0;
		};
/* End PBXFrameworksBuildPhase section */

/* Begin PBXGroup section */
		925D5F341877803800AEA1ED = {
			isa = PBXGroup;
			children = (
				925D5F7E187780A400AEA1ED /* CoreDataController */,
				925D5F481877803800AEA1ED /* CoreDataControllerDemo */,
				925D5F6E1877803800AEA1ED /* CoreDataControllerDemoTests */,
				925D5F3F1877803800AEA1ED /* Frameworks */,
				925D5F3E1877803800AEA1ED /* Products */,
			);
			sourceTree = "<group>";
		};
		925D5F3E1877803800AEA1ED /* Products */ = {
			isa = PBXGroup;
			children = (
				925D5F3D1877803800AEA1ED /* CoreDataControllerDemo.app */,
				925D5F661877803800AEA1ED /* CoreDataControllerDemoTests.xctest */,
			);
			name = Products;
			sourceTree = "<group>";
		};
		925D5F3F1877803800AEA1ED /* Frameworks */ = {
			isa = PBXGroup;
			children = (
				925D5F401877803800AEA1ED /* Foundation.framework */,
				925D5F421877803800AEA1ED /* CoreGraphics.framework */,
				925D5F441877803800AEA1ED /* UIKit.framework */,
				925D5F461877803800AEA1ED /* CoreData.framework */,
				925D5F671877803800AEA1ED /* XCTest.framework */,
			);
			name = Frameworks;
			sourceTree = "<group>";
		};
		925D5F481877803800AEA1ED /* CoreDataControllerDemo */ = {
			isa = PBXGroup;
			children = (
				925D5F511877803800AEA1ED /* CDCCAppDelegate.h */,
				925D5F521877803800AEA1ED /* CDCCAppDelegate.m */,
				925D5F541877803800AEA1ED /* Main.storyboard */,
				925D5F5A1877803800AEA1ED /* CDCCMasterViewController.h */,
				925D5F5B1877803800AEA1ED /* CDCCMasterViewController.m */,
				925D5F5D1877803800AEA1ED /* CDCCDetailViewController.h */,
				925D5F5E1877803800AEA1ED /* CDCCDetailViewController.m */,
				925D5F601877803800AEA1ED /* Images.xcassets */,
				925D5F571877803800AEA1ED /* CoreDataControllerDemo.xcdatamodeld */,
				925D5F491877803800AEA1ED /* Supporting Files */,
			);
			path = CoreDataControllerDemo;
			sourceTree = "<group>";
		};
		925D5F491877803800AEA1ED /* Supporting Files */ = {
			isa = PBXGroup;
			children = (
				925D5F4A1877803800AEA1ED /* CoreDataControllerDemo-Info.plist */,
				925D5F4B1877803800AEA1ED /* InfoPlist.strings */,
				925D5F4E1877803800AEA1ED /* main.m */,
				925D5F501877803800AEA1ED /* CoreDataControllerDemo-Prefix.pch */,
			);
			name = "Supporting Files";
			sourceTree = "<group>";
		};
		925D5F6E1877803800AEA1ED /* CoreDataControllerDemoTests */ = {
			isa = PBXGroup;
			children = (
				925D5F741877803800AEA1ED /* CoreDataControllerDemoTests.m */,
				925D5F6F1877803800AEA1ED /* Supporting Files */,
			);
			path = CoreDataControllerDemoTests;
			sourceTree = "<group>";
		};
		925D5F6F1877803800AEA1ED /* Supporting Files */ = {
			isa = PBXGroup;
			children = (
				925D5F701877803800AEA1ED /* CoreDataControllerDemoTests-Info.plist */,
				925D5F711877803800AEA1ED /* InfoPlist.strings */,
			);
			name = "Supporting Files";
			sourceTree = "<group>";
		};
		925D5F7E187780A400AEA1ED /* CoreDataController */ = {
			isa = PBXGroup;
			children = (
				925D5F7F187780A400AEA1ED /* GSBaseTableViewController.h */,
				925D5F80187780A400AEA1ED /* GSBaseTableViewController.m */,
				925D5F81187780A400AEA1ED /* GSCoreDataController.h */,
				925D5F82187780A400AEA1ED /* GSCoreDataController.m */,
				925D5F83187780A400AEA1ED /* GSFileManager.h */,
				925D5F84187780A400AEA1ED /* GSFileManager.m */,
			);
			path = CoreDataController;
			sourceTree = "<group>";
		};
/* End PBXGroup section */

/* Begin PBXNativeTarget section */
		925D5F3C1877803800AEA1ED /* CoreDataControllerDemo */ = {
			isa = PBXNativeTarget;
			buildConfigurationList = 925D5F781877803800AEA1ED /* Build configuration list for PBXNativeTarget "CoreDataControllerDemo" */;
			buildPhases = (
				925D5F391877803800AEA1ED /* Sources */,
				925D5F3A1877803800AEA1ED /* Frameworks */,
				925D5F3B1877803800AEA1ED /* Resources */,
			);
			buildRules = (
			);
			dependencies = (
			);
			name = CoreDataControllerDemo;
			productName = CoreDataControllerDemo;
			productReference = 925D5F3D1877803800AEA1ED /* CoreDataControllerDemo.app */;
			productType = "com.apple.product-type.application";
		};
		925D5F651877803800AEA1ED /* CoreDataControllerDemoTests */ = {
			isa = PBXNativeTarget;
			buildConfigurationList = 925D5F7B1877803800AEA1ED /* Build configuration list for PBXNativeTarget "CoreDataControllerDemoTests" */;
			buildPhases = (
				925D5F621877803800AEA1ED /* Sources */,
				925D5F631877803800AEA1ED /* Frameworks */,
				925D5F641877803800AEA1ED /* Resources */,
			);
			buildRules = (
			);
			dependencies = (
				925D5F6D1877803800AEA1ED /* PBXTargetDependency */,
			);
			name = CoreDataControllerDemoTests;
			productName = CoreDataControllerDemoTests;
			productReference = 925D5F661877803800AEA1ED /* CoreDataControllerDemoTests.xctest */;
			productType = "com.apple.product-type.bundle.unit-test";
		};
/* End PBXNativeTarget section */

/* Begin PBXProject section */
		925D5F351877803800AEA1ED /* Project object */ = {
			isa = PBXProject;
			attributes = {
				CLASSPREFIX = CDCC;
				LastUpgradeCheck = 0500;
				ORGANIZATIONNAME = Domus;
				TargetAttributes = {
					925D5F651877803800AEA1ED = {
						TestTargetID = 925D5F3C1877803800AEA1ED;
					};
				};
			};
			buildConfigurationList = 925D5F381877803800AEA1ED /* Build configuration list for PBXProject "CoreDataControllerDemo" */;
			compatibilityVersion = "Xcode 3.2";
			developmentRegion = English;
			hasScannedForEncodings = 0;
			knownRegions = (
				en,
				Base,
			);
			mainGroup = 925D5F341877803800AEA1ED;
			productRefGroup = 925D5F3E1877803800AEA1ED /* Products */;
			projectDirPath = "";
			projectRoot = "";
			targets = (
				925D5F3C1877803800AEA1ED /* CoreDataControllerDemo */,
				925D5F651877803800AEA1ED /* CoreDataControllerDemoTests */,
			);
		};
/* End PBXProject section */

/* Begin PBXResourcesBuildPhase section */
		925D5F3B1877803800AEA1ED /* Resources */ = {
			isa = PBXResourcesBuildPhase;
			buildActionMask = 2147483647;
			files = (
				925D5F611877803800AEA1ED /* Images.xcassets in Resources */,
				925D5F4D1877803800AEA1ED /* InfoPlist.strings in Resources */,
				925D5F561877803800AEA1ED /* Main.storyboard in Resources */,
			);
			runOnlyForDeploymentPostprocessing = 0;
		};
		925D5F641877803800AEA1ED /* Resources */ = {
			isa = PBXResourcesBuildPhase;
			buildActionMask = 2147483647;
			files = (
				925D5F731877803800AEA1ED /* InfoPlist.strings in Resources */,
			);
			runOnlyForDeploymentPostprocessing = 0;
		};
/* End PBXResourcesBuildPhase section */

/* Begin PBXSourcesBuildPhase section */
		925D5F391877803800AEA1ED /* Sources */ = {
			isa = PBXSourcesBuildPhase;
			buildActionMask = 2147483647;
			files = (
				925D5F85187780A400AEA1ED /* GSBaseTableViewController.m in Sources */,
				925D5F591877803800AEA1ED /* CoreDataControllerDemo.xcdatamodeld in Sources */,
				925D5F5C1877803800AEA1ED /* CDCCMasterViewController.m in Sources */,
				925D5F4F1877803800AEA1ED /* main.m in Sources */,
				925D5F531877803800AEA1ED /* CDCCAppDelegate.m in Sources */,
				925D5F86187780A400AEA1ED /* GSCoreDataController.m in Sources */,
				925D5F5F1877803800AEA1ED /* CDCCDetailViewController.m in Sources */,
				925D5F87187780A400AEA1ED /* GSFileManager.m in Sources */,
			);
			runOnlyForDeploymentPostprocessing = 0;
		};
		925D5F621877803800AEA1ED /* Sources */ = {
			isa = PBXSourcesBuildPhase;
			buildActionMask = 2147483647;
			files = (
				925D5F751877803800AEA1ED /* CoreDataControllerDemoTests.m in Sources */,
			);
			runOnlyForDeploymentPostprocessing = 0;
		};
/* End PBXSourcesBuildPhase section */

/* Begin PBXTargetDependency section */
		925D5F6D1877803800AEA1ED /* PBXTargetDependency */ = {
			isa = PBXTargetDependency;
			target = 925D5F3C1877803800AEA1ED /* CoreDataControllerDemo */;
			targetProxy = 925D5F6C1877803800AEA1ED /* PBXContainerItemProxy */;
		};
/* End PBXTargetDependency section */

/* Begin PBXVariantGroup section */
		925D5F4B1877803800AEA1ED /* InfoPlist.strings */ = {
			isa = PBXVariantGroup;
			children = (
				925D5F4C1877803800AEA1ED /* en */,
			);
			name = InfoPlist.strings;
			sourceTree = "<group>";
		};
		925D5F541877803800AEA1ED /* Main.storyboard */ = {
			isa = PBXVariantGroup;
			children = (
				925D5F551877803800AEA1ED /* Base */,
			);
			name = Main.storyboard;
			sourceTree = "<group>";
		};
		925D5F711877803800AEA1ED /* InfoPlist.strings */ = {
			isa = PBXVariantGroup;
			children = (
				925D5F721877803800AEA1ED /* en */,
			);
			name = InfoPlist.strings;
			sourceTree = "<group>";
		};
/* End PBXVariantGroup section */

/* Begin XCBuildConfiguration section */
		925D5F761877803800AEA1ED /* Debug */ = {
			isa = XCBuildConfiguration;
			buildSettings = {
				ALWAYS_SEARCH_USER_PATHS = NO;
				ARCHS = "$(ARCHS_STANDARD_INCLUDING_64_BIT)";
				CLANG_CXX_LANGUAGE_STANDARD = "gnu++0x";
				CLANG_CXX_LIBRARY = "libc++";
				CLANG_ENABLE_MODULES = YES;
				CLANG_ENABLE_OBJC_ARC = YES;
				CLANG_WARN_BOOL_CONVERSION = YES;
				CLANG_WARN_CONSTANT_CONVERSION = YES;
				CLANG_WARN_DIRECT_OBJC_ISA_USAGE = YES_ERROR;
				CLANG_WARN_EMPTY_BODY = YES;
				CLANG_WARN_ENUM_CONVERSION = YES;
				CLANG_WARN_INT_CONVERSION = YES;
				CLANG_WARN_OBJC_ROOT_CLASS = YES_ERROR;
				CLANG_WARN__DUPLICATE_METHOD_MATCH = YES;
				"CODE_SIGN_IDENTITY[sdk=iphoneos*]" = "iPhone Developer";
				COPY_PHASE_STRIP = NO;
				GCC_C_LANGUAGE_STANDARD = gnu99;
				GCC_DYNAMIC_NO_PIC = NO;
				GCC_OPTIMIZATION_LEVEL = 0;
				GCC_PREPROCESSOR_DEFINITIONS = (
					"DEBUG=1",
					"$(inherited)",
				);
				GCC_SYMBOLS_PRIVATE_EXTERN = NO;
				GCC_WARN_64_TO_32_BIT_CONVERSION = YES;
				GCC_WARN_ABOUT_RETURN_TYPE = YES_ERROR;
				GCC_WARN_UNDECLARED_SELECTOR = YES;
				GCC_WARN_UNINITIALIZED_AUTOS = YES;
				GCC_WARN_UNUSED_FUNCTION = YES;
				GCC_WARN_UNUSED_VARIABLE = YES;
				IPHONEOS_DEPLOYMENT_TARGET = 7.0;
				ONLY_ACTIVE_ARCH = YES;
				SDKROOT = iphoneos;
			};
			name = Debug;
		};
		925D5F771877803800AEA1ED /* Release */ = {
			isa = XCBuildConfiguration;
			buildSettings = {
				ALWAYS_SEARCH_USER_PATHS = NO;
				ARCHS = "$(ARCHS_STANDARD_INCLUDING_64_BIT)";
				CLANG_CXX_LANGUAGE_STANDARD = "gnu++0x";
				CLANG_CXX_LIBRARY = "libc++";
				CLANG_ENABLE_MODULES = YES;
				CLANG_ENABLE_OBJC_ARC = YES;
				CLANG_WARN_BOOL_CONVERSION = YES;
				CLANG_WARN_CONSTANT_CONVERSION = YES;
				CLANG_WARN_DIRECT_OBJC_ISA_USAGE = YES_ERROR;
				CLANG_WARN_EMPTY_BODY = YES;
				CLANG_WARN_ENUM_CONVERSION = YES;
				CLANG_WARN_INT_CONVERSION = YES;
				CLANG_WARN_OBJC_ROOT_CLASS = YES_ERROR;
				CLANG_WARN__DUPLICATE_METHOD_MATCH = YES;
				"CODE_SIGN_IDENTITY[sdk=iphoneos*]" = "iPhone Developer";
				COPY_PHASE_STRIP = YES;
				ENABLE_NS_ASSERTIONS = NO;
				GCC_C_LANGUAGE_STANDARD = gnu99;
				GCC_WARN_64_TO_32_BIT_CONVERSION = YES;
				GCC_WARN_ABOUT_RETURN_TYPE = YES_ERROR;
				GCC_WARN_UNDECLARED_SELECTOR = YES;
				GCC_WARN_UNINITIALIZED_AUTOS = YES;
				GCC_WARN_UNUSED_FUNCTION = YES;
				GCC_WARN_UNUSED_VARIABLE = YES;
				IPHONEOS_DEPLOYMENT_TARGET = 7.0;
				SDKROOT = iphoneos;
				VALIDATE_PRODUCT = YES;
			};
			name = Release;
		};
		925D5F791877803800AEA1ED /* Debug */ = {
			isa = XCBuildConfiguration;
			buildSettings = {
				ASSETCATALOG_COMPILER_APPICON_NAME = AppIcon;
				ASSETCATALOG_COMPILER_LAUNCHIMAGE_NAME = LaunchImage;
				GCC_PRECOMPILE_PREFIX_HEADER = YES;
				GCC_PREFIX_HEADER = "CoreDataControllerDemo/CoreDataControllerDemo-Prefix.pch";
				INFOPLIST_FILE = "CoreDataControllerDemo/CoreDataControllerDemo-Info.plist";
				PRODUCT_NAME = "$(TARGET_NAME)";
				WRAPPER_EXTENSION = app;
			};
			name = Debug;
		};
		925D5F7A1877803800AEA1ED /* Release */ = {
			isa = XCBuildConfiguration;
			buildSettings = {
				ASSETCATALOG_COMPILER_APPICON_NAME = AppIcon;
				ASSETCATALOG_COMPILER_LAUNCHIMAGE_NAME = LaunchImage;
				GCC_PRECOMPILE_PREFIX_HEADER = YES;
				GCC_PREFIX_HEADER = "CoreDataControllerDemo/CoreDataControllerDemo-Prefix.pch";
				INFOPLIST_FILE = "CoreDataControllerDemo/CoreDataControllerDemo-Info.plist";
				PRODUCT_NAME = "$(TARGET_NAME)";
				WRAPPER_EXTENSION = app;
			};
			name = Release;
		};
		925D5F7C1877803800AEA1ED /* Debug */ = {
			isa = XCBuildConfiguration;
			buildSettings = {
				ARCHS = "$(ARCHS_STANDARD_INCLUDING_64_BIT)";
				BUNDLE_LOADER = "$(BUILT_PRODUCTS_DIR)/CoreDataControllerDemo.app/CoreDataControllerDemo";
				FRAMEWORK_SEARCH_PATHS = (
					"$(SDKROOT)/Developer/Library/Frameworks",
					"$(inherited)",
					"$(DEVELOPER_FRAMEWORKS_DIR)",
				);
				GCC_PRECOMPILE_PREFIX_HEADER = YES;
				GCC_PREFIX_HEADER = "CoreDataControllerDemo/CoreDataControllerDemo-Prefix.pch";
				GCC_PREPROCESSOR_DEFINITIONS = (
					"DEBUG=1",
					"$(inherited)",
				);
				INFOPLIST_FILE = "CoreDataControllerDemoTests/CoreDataControllerDemoTests-Info.plist";
				PRODUCT_NAME = "$(TARGET_NAME)";
				TEST_HOST = "$(BUNDLE_LOADER)";
				WRAPPER_EXTENSION = xctest;
			};
			name = Debug;
		};
		925D5F7D1877803800AEA1ED /* Release */ = {
			isa = XCBuildConfiguration;
			buildSettings = {
				ARCHS = "$(ARCHS_STANDARD_INCLUDING_64_BIT)";
				BUNDLE_LOADER = "$(BUILT_PRODUCTS_DIR)/CoreDataControllerDemo.app/CoreDataControllerDemo";
				FRAMEWORK_SEARCH_PATHS = (
					"$(SDKROOT)/Developer/Library/Frameworks",
					"$(inherited)",
					"$(DEVELOPER_FRAMEWORKS_DIR)",
				);
				GCC_PRECOMPILE_PREFIX_HEADER = YES;
				GCC_PREFIX_HEADER = "CoreDataControllerDemo/CoreDataControllerDemo-Prefix.pch";
				INFOPLIST_FILE = "CoreDataControllerDemoTests/CoreDataControllerDemoTests-Info.plist";
				PRODUCT_NAME = "$(TARGET_NAME)";
				TEST_HOST = "$(BUNDLE_LOADER)";
				WRAPPER_EXTENSION = xctest;
			};
			name = Release;
		};
/* End XCBuildConfiguration section */

/* Begin XCConfigurationList section */
		925D5F381877803800AEA1ED /* Build configuration list for PBXProject "CoreDataControllerDemo" */ = {
			isa = XCConfigurationList;
			buildConfigurations = (
				925D5F761877803800AEA1ED /* Debug */,
				925D5F771877803800AEA1ED /* Release */,
			);
			defaultConfigurationIsVisible = 0;
			defaultConfigurationName = Release;
		};
		925D5F781877803800AEA1ED /* Build configuration list for PBXNativeTarget "CoreDataControllerDemo" */ = {
			isa = XCConfigurationList;
			buildConfigurations = (
				925D5F791877803800AEA1ED /* Debug */,
				925D5F7A1877803800AEA1ED /* Release */,
			);
			defaultConfigurationIsVisible = 0;
		};
		925D5F7B1877803800AEA1ED /* Build configuration list for PBXNativeTarget "CoreDataControllerDemoTests" */ = {
			isa = XCConfigurationList;
			buildConfigurations = (
				925D5F7C1877803800AEA1ED /* Debug */,
				925D5F7D1877803800AEA1ED /* Release */,
			);
			defaultConfigurationIsVisible = 0;
		};
/* End XCConfigurationList section */

/* Begin XCVersionGroup section */
		925D5F571877803800AEA1ED /* CoreDataControllerDemo.xcdatamodeld */ = {
			isa = XCVersionGroup;
			children = (
				925D5F581877803800AEA1ED /* CoreDataControllerDemo.xcdatamodel */,
			);
			currentVersion = 925D5F581877803800AEA1ED /* CoreDataControllerDemo.xcdatamodel */;
			path = CoreDataControllerDemo.xcdatamodeld;
			sourceTree = "<group>";
			versionGroupType = wrapper.xcdatamodel;
		};
/* End XCVersionGroup section */
	};
	rootObject = 925D5F351877803800AEA1ED /* Project object */;
}
